// !$*UTF8*$!
{
	archiveVersion = 1;
	classes = {
	};
	objectVersion = 46;
	objects = {

/* Begin PBXBuildFile section */
		40A80D331EC37B8C00FB1044 /* AppDelegate.swift in Sources */ = {isa = PBXBuildFile; fileRef = 40A80D321EC37B8C00FB1044 /* AppDelegate.swift */; };
		40A80D351EC37B8C00FB1044 /* ViewController.swift in Sources */ = {isa = PBXBuildFile; fileRef = 40A80D341EC37B8C00FB1044 /* ViewController.swift */; };
		40A80D381EC37B8C00FB1044 /* Main.storyboard in Resources */ = {isa = PBXBuildFile; fileRef = 40A80D361EC37B8C00FB1044 /* Main.storyboard */; };
		40A80D3A1EC37B8C00FB1044 /* Assets.xcassets in Resources */ = {isa = PBXBuildFile; fileRef = 40A80D391EC37B8C00FB1044 /* Assets.xcassets */; };
		40A80D3D1EC37B8C00FB1044 /* LaunchScreen.storyboard in Resources */ = {isa = PBXBuildFile; fileRef = 40A80D3B1EC37B8C00FB1044 /* LaunchScreen.storyboard */; };
/* End PBXBuildFile section */

/* Begin PBXFileReference section */
		40A80D2F1EC37B8C00FB1044 /* Super Cool.app */ = {isa = PBXFileReference; explicitFileType = wrapper.application; includeInIndex = 0; path = "Super Cool.app"; sourceTree = BUILT_PRODUCTS_DIR; };
		40A80D321EC37B8C00FB1044 /* AppDelegate.swift */ = {isa = PBXFileReference; lastKnownFileType = sourcecode.swift; path = AppDelegate.swift; sourceTree = "<group>"; };
		40A80D341EC37B8C00FB1044 /* ViewController.swift */ = {isa = PBXFileReference; lastKnownFileType = sourcecode.swift; path = ViewController.swift; sourceTree = "<group>"; };
		40A80D371EC37B8C00FB1044 /* Base */ = {isa = PBXFileReference; lastKnownFileType = file.storyboard; name = Base; path = Base.lproj/Main.storyboard; sourceTree = "<group>"; };
		40A80D391EC37B8C00FB1044 /* Assets.xcassets */ = {isa = PBXFileReference; lastKnownFileType = folder.assetcatalog; path = Assets.xcassets; sourceTree = "<group>"; };
		40A80D3C1EC37B8C00FB1044 /* Base */ = {isa = PBXFileReference; lastKnownFileType = file.storyboard; name = Base; path = Base.lproj/LaunchScreen.storyboard; sourceTree = "<group>"; };
		40A80D3E1EC37B8C00FB1044 /* Info.plist */ = {isa = PBXFileReference; lastKnownFileType = text.plist.xml; path = Info.plist; sourceTree = "<group>"; };
/* End PBXFileReference section */

/* Begin PBXFrameworksBuildPhase section */
		40A80D2C1EC37B8C00FB1044 /* Frameworks */ = {
			isa = PBXFrameworksBuildPhase;
			buildActionMask = 2147483647;
			files = (
			);
			runOnlyForDeploymentPostprocessing = 0;
		};
/* End PBXFrameworksBuildPhase section */

/* Begin PBXGroup section */
		40A80D261EC37B8C00FB1044 = {
			isa = PBXGroup;
			children = (
				40A80D311EC37B8C00FB1044 /* Super Cool */,
				40A80D301EC37B8C00FB1044 /* Products */,
			);
			sourceTree = "<group>";
		};
		40A80D301EC37B8C00FB1044 /* Products */ = {
			isa = PBXGroup;
			children = (
				40A80D2F1EC37B8C00FB1044 /* Super Cool.app */,
			);
			name = Products;
			sourceTree = "<group>";
		};
		40A80D311EC37B8C00FB1044 /* Super Cool */ = {
			isa = PBXGroup;
			children = (
				40A80D321EC37B8C00FB1044 /* AppDelegate.swift */,
				40A80D341EC37B8C00FB1044 /* ViewController.swift */,
				40A80D361EC37B8C00FB1044 /* Main.storyboard */,
				40A80D391EC37B8C00FB1044 /* Assets.xcassets */,
				40A80D3B1EC37B8C00FB1044 /* LaunchScreen.storyboard */,
				40A80D3E1EC37B8C00FB1044 /* Info.plist */,
			);
			path = "Super Cool";
			sourceTree = "<group>";
		};
/* End PBXGroup section */

/* Begin PBXNativeTarget section */
		40A80D2E1EC37B8C00FB1044 /* Super Cool */ = {
			isa = PBXNativeTarget;
			buildConfigurationList = 40A80D411EC37B8C00FB1044 /* Build configuration list for PBXNativeTarget "Super Cool" */;
			buildPhases = (
				40A80D2B1EC37B8C00FB1044 /* Sources */,
				40A80D2C1EC37B8C00FB1044 /* Frameworks */,
				40A80D2D1EC37B8C00FB1044 /* Resources */,
			);
			buildRules = (
			);
			dependencies = (
			);
			name = "Super Cool";
			productName = "Super Cool";
			productReference = 40A80D2F1EC37B8C00FB1044 /* Super Cool.app */;
			productType = "com.apple.product-type.application";
		};
/* End PBXNativeTarget section */

/* Begin PBXProject section */
		40A80D271EC37B8C00FB1044 /* Project object */ = {
			isa = PBXProject;
			attributes = {
				LastSwiftUpdateCheck = 0830;
				LastUpgradeCheck = 0830;
				ORGANIZATIONNAME = ShivamSharma;
				TargetAttributes = {
					40A80D2E1EC37B8C00FB1044 = {
						CreatedOnToolsVersion = 8.3.1;
						DevelopmentTeam = 9K8RYNA3CD;
						ProvisioningStyle = Automatic;
					};
				};
			};
			buildConfigurationList = 40A80D2A1EC37B8C00FB1044 /* Build configuration list for PBXProject "Super Cool" */;
			compatibilityVersion = "Xcode 3.2";
			developmentRegion = English;
			hasScannedForEncodings = 0;
			knownRegions = (
				en,
				Base,
			);
			mainGroup = 40A80D261EC37B8C00FB1044;
			productRefGroup = 40A80D301EC37B8C00FB1044 /* Products */;
			projectDirPath = "";
			projectRoot = "";
			targets = (
				40A80D2E1EC37B8C00FB1044 /* Super Cool */,
			);
		};
/* End PBXProject section */

/* Begin PBXResourcesBuildPhase section */
		40A80D2D1EC37B8C00FB1044 /* Resources */ = {
			isa = PBXResourcesBuildPhase;
			buildActionMask = 2147483647;
			files = (
				40A80D3D1EC37B8C00FB1044 /* LaunchScreen.storyboard in Resources */,
				40A80D3A1EC37B8C00FB1044 /* Assets.xcassets in Resources */,
				40A80D381EC37B8C00FB1044 /* Main.storyboard in Resources */,
			);
			runOnlyForDeploymentPostprocessing = 0;
		};
/* End PBXResourcesBuildPhase section */

/* Begin PBXSourcesBuildPhase section */
		40A80D2B1EC37B8C00FB1044 /* Sources */ = {
			isa = PBXSourcesBuildPhase;
			buildActionMask = 2147483647;
			files = (
				40A80D351EC37B8C00FB1044 /* ViewController.swift in Sources */,
				40A80D331EC37B8C00FB1044 /* AppDelegate.swift in Sources */,
			);
			runOnlyForDeploymentPostprocessing = 0;
		};
/* End PBXSourcesBuildPhase section */

/* Begin PBXVariantGroup section */
		40A80D361EC37B8C00FB1044 /* Main.storyboard */ = {
			isa = PBXVariantGroup;
			children = (
				40A80D371EC37B8C00FB1044 /* Base */,
			);
			name = Main.storyboard;
			sourceTree = "<group>";
		};
		40A80D3B1EC37B8C00FB1044 /* LaunchScreen.storyboard */ = {
			isa = PBXVariantGroup;
			children = (
				40A80D3C1EC37B8C00FB1044 /* Base */,
			);
			name = LaunchScreen.storyboard;
			sourceTree = "<group>";
		};
/* End PBXVariantGroup section */

/* Begin XCBuildConfiguration section */
		40A80D3F1EC37B8C00FB1044 /* Debug */ = {
			isa = XCBuildConfiguration;
			buildSettings = {
				ALWAYS_SEARCH_USER_PATHS = NO;
				CLANG_ANALYZER_NONNULL = YES;
				CLANG_ANALYZER_NUMBER_OBJECT_CONVERSION = YES_AGGRESSIVE;
				CLANG_CXX_LANGUAGE_STANDARD = "gnu++0x";
				CLANG_CXX_LIBRARY = "libc++";
				CLANG_ENABLE_MODULES = YES;
				CLANG_ENABLE_OBJC_ARC = YES;
				CLANG_WARN_BOOL_CONVERSION = YES;
				CLANG_WARN_CONSTANT_CONVERSION = YES;
				CLANG_WARN_DIRECT_OBJC_ISA_USAGE = YES_ERROR;
				CLANG_WARN_DOCUMENTATION_COMMENTS = YES;
				CLANG_WARN_EMPTY_BODY = YES;
				CLANG_WARN_ENUM_CONVERSION = YES;
				CLANG_WARN_INFINITE_RECURSION = YES;
				CLANG_WARN_INT_CONVERSION = YES;
				CLANG_WARN_OBJC_ROOT_CLASS = YES_ERROR;
				CLANG_WARN_SUSPICIOUS_MOVE = YES;
				CLANG_WARN_UNREACHABLE_CODE = YES;
				CLANG_WARN__DUPLICATE_METHOD_MATCH = YES;
				"CODE_SIGN_IDENTITY[sdk=iphoneos*]" = "iPhone Developer";
				COPY_PHASE_STRIP = NO;
				DEBUG_INFORMATION_FORMAT = dwarf;
				ENABLE_STRICT_OBJC_MSGSEND = YES;
				ENABLE_TESTABILITY = YES;
				GCC_C_LANGUAGE_STANDARD = gnu99;
				GCC_DYNAMIC_NO_PIC = NO;
				GCC_NO_COMMON_BLOCKS = YES;
				GCC_OPTIMIZATION_LEVEL = 0;
				GCC_PREPROCESSOR_DEFINITIONS = (
					"DEBUG=1",
					"$(inherited)",
				);
				GCC_WARN_64_TO_32_BIT_CONVERSION = YES;
				GCC_WARN_ABOUT_RETURN_TYPE = YES_ERROR;
				GCC_WARN_UNDECLARED_SELECTOR = YES;
				GCC_WARN_UNINITIALIZED_AUTOS = YES_AGGRESSIVE;
				GCC_WARN_UNUSED_FUNCTION = YES;
				GCC_WARN_UNUSED_VARIABLE = YES;
				IPHONEOS_DEPLOYMENT_TARGET = 10.3;
				MTL_ENABLE_DEBUG_INFO = YES;
				ONLY_ACTIVE_ARCH = YES;
				SDKROOT = iphoneos;
				SWIFT_ACTIVE_COMPILATION_CONDITIONS = DEBUG;
				SWIFT_OPTIMIZATION_LEVEL = "-Onone";
				TARGETED_DEVICE_FAMILY = "1,2";
			};
			name = Debug;
		};
		40A80D401EC37B8C00FB1044 /* Release */ = {
			isa = XCBuildConfiguration;
			buildSettings = {
				ALWAYS_SEARCH_USER_PATHS = NO;
				CLANG_ANALYZER_NONNULL = YES;
				CLANG_ANALYZER_NUMBER_OBJECT_CONVERSION = YES_AGGRESSIVE;
				CLANG_CXX_LANGUAGE_STANDARD = "gnu++0x";
				CLANG_CXX_LIBRARY = "libc++";
				CLANG_ENABLE_MODULES = YES;
				CLANG_ENABLE_OBJC_ARC = YES;
				CLANG_WARN_BOOL_CONVERSION = YES;
				CLANG_WARN_CONSTANT_CONVERSION = YES;
				CLANG_WARN_DIRECT_OBJC_ISA_USAGE = YES_ERROR;
				CLANG_WARN_DOCUMENTATION_COMMENTS = YES;
				CLANG_WARN_EMPTY_BODY = YES;
				CLANG_WARN_ENUM_CONVERSION = YES;
				CLANG_WARN_INFINITE_RECURSION = YES;
				CLANG_WARN_INT_CONVERSION = YES;
				CLANG_WARN_OBJC_ROOT_CLASS = YES_ERROR;
				CLANG_WARN_SUSPICIOUS_MOVE = YES;
				CLANG_WARN_UNREACHABLE_CODE = YES;
				CLANG_WARN__DUPLICATE_METHOD_MATCH = YES;
				"CODE_SIGN_IDENTITY[sdk=iphoneos*]" = "iPhone Developer";
				COPY_PHASE_STRIP = NO;
				DEBUG_INFORMATION_FORMAT = "dwarf-with-dsym";
				ENABLE_NS_ASSERTIONS = NO;
				ENABLE_STRICT_OBJC_MSGSEND = YES;
				GCC_C_LANGUAGE_STANDARD = gnu99;
				GCC_NO_COMMON_BLOCKS = YES;
				GCC_WARN_64_TO_32_BIT_CONVERSION = YES;
				GCC_WARN_ABOUT_RETURN_TYPE = YES_ERROR;
				GCC_WARN_UNDECLARED_SELECTOR = YES;
				GCC_WARN_UNINITIALIZED_AUTOS = YES_AGGRESSIVE;
				GCC_WARN_UNUSED_FUNCTION = YES;
				GCC_WARN_UNUSED_VARIABLE = YES;
				IPHONEOS_DEPLOYMENT_TARGET = 10.3;
				MTL_ENABLE_DEBUG_INFO = NO;
				SDKROOT = iphoneos;
				SWIFT_OPTIMIZATION_LEVEL = "-Owholemodule";
				TARGETED_DEVICE_FAMILY = "1,2";
				VALIDATE_PRODUCT = YES;
			};
			name = Release;
		};
		40A80D421EC37B8C00FB1044 /* Debug */ = {
			isa = XCBuildConfiguration;
			buildSettings = {
				ASSETCATALOG_COMPILER_APPICON_NAME = AppIcon;
				DEVELOPMENT_TEAM = 9K8RYNA3CD;
				INFOPLIST_FILE = "Super Cool/Info.plist";
				LD_RUNPATH_SEARCH_PATHS = "$(inherited) @executable_path/Frameworks";
				PRODUCT_BUNDLE_IDENTIFIER = "com.ShivamSharma.Super-Cool";
				PRODUCT_NAME = "$(TARGET_NAME)";
				SWIFT_VERSION = 3.0;
			};
			name = Debug;
		};
		40A80D431EC37B8C00FB1044 /* Release */ = {
			isa = XCBuildConfiguration;
			buildSettings = {
				ASSETCATALOG_COMPILER_APPICON_NAME = AppIcon;
				DEVELOPMENT_TEAM = 9K8RYNA3CD;
				INFOPLIST_FILE = "Super Cool/Info.plist";
				LD_RUNPATH_SEARCH_PATHS = "$(inherited) @executable_path/Frameworks";
				PRODUCT_BUNDLE_IDENTIFIER = "com.ShivamSharma.Super-Cool";
				PRODUCT_NAME = "$(TARGET_NAME)";
				SWIFT_VERSION = 3.0;
			};
			name = Release;
		};
/* End XCBuildConfiguration section */

/* Begin XCConfigurationList section */
		40A80D2A1EC37B8C00FB1044 /* Build configuration list for PBXProject "Super Cool" */ = {
			isa = XCConfigurationList;
			buildConfigurations = (
				40A80D3F1EC37B8C00FB1044 /* Debug */,
				40A80D401EC37B8C00FB1044 /* Release */,
			);
			defaultConfigurationIsVisible = 0;
			defaultConfigurationName = Release;
		};
		40A80D411EC37B8C00FB1044 /* Build configuration list for PBXNativeTarget "Super Cool" */ = {
			isa = XCConfigurationList;
			buildConfigurations = (
				40A80D421EC37B8C00FB1044 /* Debug */,
				40A80D431EC37B8C00FB1044 /* Release */,
			);
			defaultConfigurationIsVisible = 0;
		};
/* End XCConfigurationList section */
	};
	rootObject = 40A80D271EC37B8C00FB1044 /* Project object */;
}
